
Microsoft Visual Studio Solution File, Format Version 12.00
# Visual Studio Version 17
VisualStudioVersion = 17.3.32929.385
MinimumVisualStudioVersion = 10.0.40219.1
Project("{FAE04EC0-301F-11D3-BF4B-00C04F79EFBC}") = "LoL.UI", "Solution\LoL.UI.csproj", "{12249541-6191-470D-8B5A-519BA5526686}"
EndProject
Project("{FAE04EC0-301F-11D3-BF4B-00C04F79EFBC}") = "LoL.Data", "LoL.Data\LoL.Data.csproj", "{2D232093-D361-41B6-8DAF-1DEBD174B0D9}"
EndProject
Global
	GlobalSection(SolutionConfigurationPlatforms) = preSolution
		Debug|Any CPU = Debug|Any CPU
		Release|Any CPU = Release|Any CPU
	EndGlobalSection
	GlobalSection(ProjectConfigurationPlatforms) = postSolution
		{12249541-6191-470D-8B5A-519BA5526686}.Debug|Any CPU.ActiveCfg = Debug|Any CPU
		{12249541-6191-470D-8B5A-519BA5526686}.Debug|Any CPU.Build.0 = Debug|Any CPU
		{12249541-6191-470D-8B5A-519BA5526686}.Release|Any CPU.ActiveCfg = Release|Any CPU
		{12249541-6191-470D-8B5A-519BA5526686}.Release|Any CPU.Build.0 = Release|Any CPU
		{2D232093-D361-41B6-8DAF-1DEBD174B0D9}.Debug|Any CPU.ActiveCfg = Debug|Any CPU
		{2D232093-D361-41B6-8DAF-1DEBD174B0D9}.Debug|Any CPU.Build.0 = Debug|Any CPU
		{2D232093-D361-41B6-8DAF-1DEBD174B0D9}.Release|Any CPU.ActiveCfg = Release|Any CPU
		{2D232093-D361-41B6-8DAF-1DEBD174B0D9}.Release|Any CPU.Build.0 = Release|Any CPU
	EndGlobalSection
	GlobalSection(SolutionProperties) = preSolution
		HideSolutionNode = FALSE
	EndGlobalSection
	GlobalSection(ExtensibilityGlobals) = postSolution
		SolutionGuid = {C224D6BD-6FD7-476A-84F1-E24F63F5DE4C}
	EndGlobalSection
EndGlobal
